
Microsoft Visual Studio Solution File, Format Version 12.00
# Visual Studio Version 17
VisualStudioVersion = 17.8.34330.188
MinimumVisualStudioVersion = 10.0.40219.1
Project("{FAE04EC0-301F-11D3-BF4B-00C04F79EFBC}") = "Test01-Hello", "Test01-Hello.csproj", "{CA334238-C9EB-426C-A8F0-D8D8235E6D9E}"
EndProject
Project("{FAE04EC0-301F-11D3-BF4B-00C04F79EFBC}") = "Test02-List", "..\Test02-List\Test02-List.csproj", "{5A96FD56-F877-422C-A611-7ACC333D76CF}"
EndProject
Global
	GlobalSection(SolutionConfigurationPlatforms) = preSolution
		Debug|Any CPU = Debug|Any CPU
		Release|Any CPU = Release|Any CPU
	EndGlobalSection
	GlobalSection(ProjectConfigurationPlatforms) = postSolution
		{CA334238-C9EB-426C-A8F0-D8D8235E6D9E}.Debug|Any CPU.ActiveCfg = Debug|Any CPU
		{CA334238-C9EB-426C-A8F0-D8D8235E6D9E}.Debug|Any CPU.Build.0 = Debug|Any CPU
		{CA334238-C9EB-426C-A8F0-D8D8235E6D9E}.Release|Any CPU.ActiveCfg = Release|Any CPU
		{CA334238-C9EB-426C-A8F0-D8D8235E6D9E}.Release|Any CPU.Build.0 = Release|Any CPU
		{5A96FD56-F877-422C-A611-7ACC333D76CF}.Debug|Any CPU.ActiveCfg = Debug|Any CPU
		{5A96FD56-F877-422C-A611-7ACC333D76CF}.Debug|Any CPU.Build.0 = Debug|Any CPU
		{5A96FD56-F877-422C-A611-7ACC333D76CF}.Release|Any CPU.ActiveCfg = Release|Any CPU
		{5A96FD56-F877-422C-A611-7ACC333D76CF}.Release|Any CPU.Build.0 = Release|Any CPU
	EndGlobalSection
	GlobalSection(SolutionProperties) = preSolution
		HideSolutionNode = FALSE
	EndGlobalSection
	GlobalSection(ExtensibilityGlobals) = postSolution
		SolutionGuid = {07026E4D-95C9-45B6-B9A0-E0C906ECE7D7}
	EndGlobalSection
EndGlobal
