
Microsoft Visual Studio Solution File, Format Version 12.00
# Visual Studio Version 17
VisualStudioVersion = 17.8.34330.188
MinimumVisualStudioVersion = 10.0.40219.1
Project("{FAE04EC0-301F-11D3-BF4B-00C04F79EFBC}") = "WinTest01-Base", "WinTest01-Base.csproj", "{FB234B64-97DC-4F05-A2ED-A9085D0340D1}"
EndProject
Project("{FAE04EC0-301F-11D3-BF4B-00C04F79EFBC}") = "WinTest02-Memo", "..\WinTest02-Memo\WinTest02-Memo.csproj", "{8DA85AA3-AAD8-4DDF-BE22-1DE40C9A04F5}"
EndProject
Project("{FAE04EC0-301F-11D3-BF4B-00C04F79EFBC}") = "WinTest03-COM", "..\WinTest03-COM\WinTest03-COM.csproj", "{7D27F2EB-A416-4CDF-AF5F-40A09410E1C9}"
EndProject
Project("{FAE04EC0-301F-11D3-BF4B-00C04F79EFBC}") = "WinTest04-DBManager", "..\WinTest04-DBManager\WinTest04-DBManager.csproj", "{E456C80F-3F84-4741-9334-854A4FBC8E94}"
EndProject
Global
	GlobalSection(SolutionConfigurationPlatforms) = preSolution
		Debug|Any CPU = Debug|Any CPU
		Release|Any CPU = Release|Any CPU
	EndGlobalSection
	GlobalSection(ProjectConfigurationPlatforms) = postSolution
		{FB234B64-97DC-4F05-A2ED-A9085D0340D1}.Debug|Any CPU.ActiveCfg = Debug|Any CPU
		{FB234B64-97DC-4F05-A2ED-A9085D0340D1}.Debug|Any CPU.Build.0 = Debug|Any CPU
		{FB234B64-97DC-4F05-A2ED-A9085D0340D1}.Release|Any CPU.ActiveCfg = Release|Any CPU
		{FB234B64-97DC-4F05-A2ED-A9085D0340D1}.Release|Any CPU.Build.0 = Release|Any CPU
		{8DA85AA3-AAD8-4DDF-BE22-1DE40C9A04F5}.Debug|Any CPU.ActiveCfg = Debug|Any CPU
		{8DA85AA3-AAD8-4DDF-BE22-1DE40C9A04F5}.Debug|Any CPU.Build.0 = Debug|Any CPU
		{8DA85AA3-AAD8-4DDF-BE22-1DE40C9A04F5}.Release|Any CPU.ActiveCfg = Release|Any CPU
		{8DA85AA3-AAD8-4DDF-BE22-1DE40C9A04F5}.Release|Any CPU.Build.0 = Release|Any CPU
		{7D27F2EB-A416-4CDF-AF5F-40A09410E1C9}.Debug|Any CPU.ActiveCfg = Debug|Any CPU
		{7D27F2EB-A416-4CDF-AF5F-40A09410E1C9}.Debug|Any CPU.Build.0 = Debug|Any CPU
		{7D27F2EB-A416-4CDF-AF5F-40A09410E1C9}.Release|Any CPU.ActiveCfg = Release|Any CPU
		{7D27F2EB-A416-4CDF-AF5F-40A09410E1C9}.Release|Any CPU.Build.0 = Release|Any CPU
		{E456C80F-3F84-4741-9334-854A4FBC8E94}.Debug|Any CPU.ActiveCfg = Debug|Any CPU
		{E456C80F-3F84-4741-9334-854A4FBC8E94}.Debug|Any CPU.Build.0 = Debug|Any CPU
		{E456C80F-3F84-4741-9334-854A4FBC8E94}.Release|Any CPU.ActiveCfg = Release|Any CPU
		{E456C80F-3F84-4741-9334-854A4FBC8E94}.Release|Any CPU.Build.0 = Release|Any CPU
	EndGlobalSection
	GlobalSection(SolutionProperties) = preSolution
		HideSolutionNode = FALSE
	EndGlobalSection
	GlobalSection(ExtensibilityGlobals) = postSolution
		SolutionGuid = {70DDADD7-53E8-4381-AA88-DFAC068F29D8}
	EndGlobalSection
EndGlobal
